
Microsoft Visual Studio Solution File, Format Version 12.00
# Visual Studio Version 16
VisualStudioVersion = 16.0.29905.134
MinimumVisualStudioVersion = 10.0.40219.1
Project("{FAE04EC0-301F-11D3-BF4B-00C04F79EFBC}") = "RestaurantRater", "RestaurantRater\RestaurantRater.csproj", "{DBA06F8F-23F2-4750-B58F-CF204F63FE7A}"
EndProject
Global
	GlobalSection(SolutionConfigurationPlatforms) = preSolution
		Debug|Any CPU = Debug|Any CPU
		Release|Any CPU = Release|Any CPU
	EndGlobalSection
	GlobalSection(ProjectConfigurationPlatforms) = postSolution
		{DBA06F8F-23F2-4750-B58F-CF204F63FE7A}.Debug|Any CPU.ActiveCfg = Debug|Any CPU
		{DBA06F8F-23F2-4750-B58F-CF204F63FE7A}.Debug|Any CPU.Build.0 = Debug|Any CPU
		{DBA06F8F-23F2-4750-B58F-CF204F63FE7A}.Release|Any CPU.ActiveCfg = Release|Any CPU
		{DBA06F8F-23F2-4750-B58F-CF204F63FE7A}.Release|Any CPU.Build.0 = Release|Any CPU
	EndGlobalSection
	GlobalSection(SolutionProperties) = preSolution
		HideSolutionNode = FALSE
	EndGlobalSection
	GlobalSection(ExtensibilityGlobals) = postSolution
		SolutionGuid = {562B73A5-52F0-4D38-8201-24EECE13D68C}
	EndGlobalSection
EndGlobal
